
Microsoft Visual Studio Solution File, Format Version 12.00
# Visual Studio Version 17
VisualStudioVersion = 17.0.31903.59
MinimumVisualStudioVersion = 10.0.40219.1
Project("{FAE04EC0-301F-11D3-BF4B-00C04F79EFBC}") = "TomatoTime", "TomatoTime\TomatoTime.csproj", "{FBDEF126-0A0F-48A3-836D-AFAF2B79A203}"
EndProject
Project("{FAE04EC0-301F-11D3-BF4B-00C04F79EFBC}") = "TomatoTime.Tests", "TomatoTime.Tests\TomatoTime.Tests.csproj", "{0BF52561-D42F-4C0C-A1D9-DF5E1B8B8394}"
EndProject
Global
	GlobalSection(SolutionConfigurationPlatforms) = preSolution
		Debug|Any CPU = Debug|Any CPU
		Release|Any CPU = Release|Any CPU
	EndGlobalSection
	GlobalSection(SolutionProperties) = preSolution
		HideSolutionNode = FALSE
	EndGlobalSection
	GlobalSection(ProjectConfigurationPlatforms) = postSolution
		{FBDEF126-0A0F-48A3-836D-AFAF2B79A203}.Debug|Any CPU.ActiveCfg = Debug|Any CPU
		{FBDEF126-0A0F-48A3-836D-AFAF2B79A203}.Debug|Any CPU.Build.0 = Debug|Any CPU
		{FBDEF126-0A0F-48A3-836D-AFAF2B79A203}.Release|Any CPU.ActiveCfg = Release|Any CPU
		{FBDEF126-0A0F-48A3-836D-AFAF2B79A203}.Release|Any CPU.Build.0 = Release|Any CPU
		{0BF52561-D42F-4C0C-A1D9-DF5E1B8B8394}.Debug|Any CPU.ActiveCfg = Debug|Any CPU
		{0BF52561-D42F-4C0C-A1D9-DF5E1B8B8394}.Debug|Any CPU.Build.0 = Debug|Any CPU
		{0BF52561-D42F-4C0C-A1D9-DF5E1B8B8394}.Release|Any CPU.ActiveCfg = Release|Any CPU
		{0BF52561-D42F-4C0C-A1D9-DF5E1B8B8394}.Release|Any CPU.Build.0 = Release|Any CPU
	EndGlobalSection
EndGlobal
